
Microsoft Visual Studio Solution File, Format Version 12.00
# Visual Studio Version 16
VisualStudioVersion = 16.0.33130.400
MinimumVisualStudioVersion = 10.0.40219.1
Project("{FAE04EC0-301F-11D3-BF4B-00C04F79EFBC}") = "OSCLeashGUI", "OSCLeashGUI\OSCLeashGUI.csproj", "{EB6F2E64-DB01-4A3A-B31D-7E8AD08EE663}"
EndProject
Global
	GlobalSection(SolutionConfigurationPlatforms) = preSolution
		Debug|Any CPU = Debug|Any CPU
		Release|Any CPU = Release|Any CPU
	EndGlobalSection
	GlobalSection(ProjectConfigurationPlatforms) = postSolution
		{EB6F2E64-DB01-4A3A-B31D-7E8AD08EE663}.Debug|Any CPU.ActiveCfg = Debug|Any CPU
		{EB6F2E64-DB01-4A3A-B31D-7E8AD08EE663}.Debug|Any CPU.Build.0 = Debug|Any CPU
		{EB6F2E64-DB01-4A3A-B31D-7E8AD08EE663}.Release|Any CPU.ActiveCfg = Release|Any CPU
		{EB6F2E64-DB01-4A3A-B31D-7E8AD08EE663}.Release|Any CPU.Build.0 = Release|Any CPU
	EndGlobalSection
	GlobalSection(SolutionProperties) = preSolution
		HideSolutionNode = FALSE
	EndGlobalSection
	GlobalSection(ExtensibilityGlobals) = postSolution
		SolutionGuid = {378EE2E5-F827-4826-9014-8409AC42F27E}
	EndGlobalSection
EndGlobal
